{
  "version": 4,
  "terraform_version": "0.12.29",
  "serial": 12,
  "lineage": "da25def9-a25e-0f51-ac49-62069aec0f80",
  "outputs": {},
  "resources": [
    {
      "mode": "managed",
      "type": "aws_instance",
      "name": "example",
      "provider": "provider.aws",
      "instances": [
        {
          "schema_version": 1,
          "attributes": {
            "ami": "ami-01b4538323eb79a76",
            "arn": "arn:aws:ec2:us-west-1:977456456483:instance/i-0664b90d142ed6206",
            "associate_public_ip_address": true,
            "availability_zone": "us-west-1a",
            "cpu_core_count": 1,
            "cpu_threads_per_core": 1,
            "credit_specification": [
              {
                "cpu_credits": "standard"
              }
            ],
            "disable_api_termination": false,
            "ebs_block_device": [],
            "ebs_optimized": false,
            "ephemeral_block_device": [],
            "get_password_data": false,
            "hibernation": false,
            "host_id": null,
            "iam_instance_profile": "",
            "id": "i-0664b90d142ed6206",
            "instance_initiated_shutdown_behavior": null,
            "instance_state": "running",
            "instance_type": "t2.micro",
            "ipv6_address_count": 0,
            "ipv6_addresses": [],
            "key_name": "mykey",
            "metadata_options": [
              {
                "http_endpoint": "enabled",
                "http_put_response_hop_limit": 1,
                "http_tokens": "optional"
              }
            ],
            "monitoring": false,
            "network_interface": [],
            "network_interface_id": null,
            "outpost_arn": "",
            "password_data": "",
            "placement_group": "",
            "primary_network_interface_id": "eni-0abbf9c7d54ae738f",
            "private_dns": "ip-172-31-12-13.us-west-1.compute.internal",
            "private_ip": "172.31.12.13",
            "public_dns": "ec2-54-67-112-54.us-west-1.compute.amazonaws.com",
            "public_ip": "54.67.112.54",
            "root_block_device": [
              {
                "delete_on_termination": true,
                "device_name": "/dev/sda1",
                "encrypted": false,
                "iops": 100,
                "kms_key_id": "",
                "volume_id": "vol-0220cebca333de504",
                "volume_size": 8,
                "volume_type": "gp2"
              }
            ],
            "security_groups": [
              "default"
            ],
            "source_dest_check": true,
            "subnet_id": "subnet-600cf93a",
            "tags": null,
            "tenancy": "default",
            "timeouts": null,
            "user_data": null,
            "user_data_base64": null,
            "volume_tags": {},
            "vpc_security_group_ids": [
              "sg-8cdfedfc"
            ]
          },
          "private": "eyJlMmJmYjczMC1lY2FhLTExZTYtOGY4OC0zNDM2M2JjN2M0YzAiOnsiY3JlYXRlIjo2MDAwMDAwMDAwMDAsImRlbGV0ZSI6MTIwMDAwMDAwMDAwMCwidXBkYXRlIjo2MDAwMDAwMDAwMDB9LCJzY2hlbWFfdmVyc2lvbiI6IjEifQ==",
          "dependencies": [
            "aws_key_pair.mykey"
          ]
        }
      ]
    },
    {
      "mode": "managed",
      "type": "aws_key_pair",
      "name": "mykey",
      "provider": "provider.aws",
      "instances": [
        {
          "schema_version": 1,
          "attributes": {
            "arn": "arn:aws:ec2:us-west-1:977456456483:key-pair/mykey",
            "fingerprint": "bb:8e:ce:4d:9d:f4:14:c5:ac:1c:f1:50:af:03:5d:4c",
            "id": "mykey",
            "key_name": "mykey",
            "key_name_prefix": null,
            "key_pair_id": "key-045b56f95cc0d73cc",
            "public_key": "ssh-rsa AAAAB3NzaC1yc2EAAAADAQABAAABgQC0KHMRrSVjgQBLp55gH6IcOXlsK2/7LEQxIYB0zL31mY53xma85Otl06A3QqRBCogrVyWbb+1LSbXMvK9HCPmdYHd2EEDyTtAcwHybSg9P5Xc75rclUzgmiq6kPtfUdkguf8pmg7Ri4hd1k9ViKNWWmP7nrgigTFWlIiiiLSeNr8LlqpEwRa2d/YkaZg0n3OJI1fIcCjXOeYgbP9DL8hfON3cVWPaAYBBOJWXMrTGk7aaeWvkmMyB63gg4d3YoEW5ERTABtFKQvnVvVkgS991G89H5rPuP946pZh95twmvIuAwUo34uw+o1NeZmtLg07hi9Ih4byoeos3/7mz+83o4HV85gcWCFxZ3uARAAatcXpSEjW4i2YhuxusPJvTneuTK8QdGNPr9ogdux7M+GOqrAoupekv4Mve0+63H9vaKX68mr5t8LMj1lRi3WmI/zdzFIP07Uh9xCWhipEUxQHDg/QBh9HybVjnr7dtGsAwFmBGReHx+HZpMVgLrUhCAFGc= vvilela@vvilelaj-lap",
            "tags": null
          },
          "private": "eyJzY2hlbWFfdmVyc2lvbiI6IjEifQ=="
        }
      ]
    }
  ]
}
